
Microsoft Visual Studio Solution File, Format Version 12.00
# Visual Studio Version 17
VisualStudioVersion = 17.5.33516.290
MinimumVisualStudioVersion = 10.0.40219.1
Project("{FAE04EC0-301F-11D3-BF4B-00C04F79EFBC}") = "11-5-23", "11-5-23\11-5-23.csproj", "{183BF460-5675-4D08-83E1-38D78870217B}"
EndProject
Global
	GlobalSection(SolutionConfigurationPlatforms) = preSolution
		Debug|Any CPU = Debug|Any CPU
		Release|Any CPU = Release|Any CPU
	EndGlobalSection
	GlobalSection(ProjectConfigurationPlatforms) = postSolution
		{183BF460-5675-4D08-83E1-38D78870217B}.Debug|Any CPU.ActiveCfg = Debug|Any CPU
		{183BF460-5675-4D08-83E1-38D78870217B}.Debug|Any CPU.Build.0 = Debug|Any CPU
		{183BF460-5675-4D08-83E1-38D78870217B}.Release|Any CPU.ActiveCfg = Release|Any CPU
		{183BF460-5675-4D08-83E1-38D78870217B}.Release|Any CPU.Build.0 = Release|Any CPU
	EndGlobalSection
	GlobalSection(SolutionProperties) = preSolution
		HideSolutionNode = FALSE
	EndGlobalSection
	GlobalSection(ExtensibilityGlobals) = postSolution
		SolutionGuid = {EC204917-6730-4370-90DA-19D2638398F9}
	EndGlobalSection
EndGlobal
